
Microsoft Visual Studio Solution File, Format Version 12.00
# Visual Studio Version 17
VisualStudioVersion = 17.12.35527.113
MinimumVisualStudioVersion = 10.0.40219.1
Project("{2150E333-8FDC-42A3-9474-1A3956D46DE8}") = "Core", "Core", "{A77167A6-FB91-4A1D-A1E2-FCA51975CF52}"
EndProject
Project("{2150E333-8FDC-42A3-9474-1A3956D46DE8}") = "Infrastructure", "Infrastructure", "{DA7F5622-8DCD-4FDE-A5CD-C8B703C3F7AA}"
EndProject
Project("{2150E333-8FDC-42A3-9474-1A3956D46DE8}") = "Presentation", "Presentation", "{7FACB8D8-B58B-4F9B-9832-4A4400821D13}"
EndProject
Project("{2150E333-8FDC-42A3-9474-1A3956D46DE8}") = "Services", "Services", "{0901BAF5-9C3C-4F3F-B198-0B7CD1B57940}"
EndProject
Project("{2150E333-8FDC-42A3-9474-1A3956D46DE8}") = "Polygon", "Polygon", "{C110C05D-4B02-4229-8D2C-0A6DB4C321BE}"
EndProject
Project("{2150E333-8FDC-42A3-9474-1A3956D46DE8}") = "Utilities", "Utilities", "{6344DE8B-C55E-452C-BC44-A0D512D31609}"
EndProject
Project("{FAE04EC0-301F-11D3-BF4B-00C04F79EFBC}") = "Hvt.Utilities", "Services\Utilities\Hvt.Utilities\Hvt.Utilities.csproj", "{833308CA-815B-46B3-93ED-B7BD5CB2DBD6}"
EndProject
Project("{2150E333-8FDC-42A3-9474-1A3956D46DE8}") = "HttpClient", "HttpClient", "{FB3B4EF8-EAC0-4698-828C-6D209437A9BE}"
EndProject
Project("{FAE04EC0-301F-11D3-BF4B-00C04F79EFBC}") = "Polygon.Client", "Services\HttpClient\Polygon\Polygon.Client\Polygon.Client.csproj", "{3C4AB69B-341C-4734-8C78-64CD7C7D6FCC}"
EndProject
Project("{FAE04EC0-301F-11D3-BF4B-00C04F79EFBC}") = "Polygon.Data", "Services\HttpClient\Polygon\Polygon.Data\Polygon.Data.csproj", "{2BDB5829-2685-473C-ABA4-A01169F0CCA0}"
EndProject
Project("{FAE04EC0-301F-11D3-BF4B-00C04F79EFBC}") = "Polygon.Tests", "Services\HttpClient\Polygon\Polygon.Tests\Polygon.Tests.csproj", "{9FD29F09-EA10-469B-BC5B-E9B2095A2461}"
EndProject
Project("{2150E333-8FDC-42A3-9474-1A3956D46DE8}") = "BaseClient", "BaseClient", "{11735777-57FF-4E13-8C96-04A276D5E511}"
EndProject
Project("{FAE04EC0-301F-11D3-BF4B-00C04F79EFBC}") = "BaseClient", "Services\HttpClient\BaseClient\BaseClient.csproj", "{C8B93AA5-125D-41BA-A6EC-F994305EB606}"
EndProject
Project("{2150E333-8FDC-42A3-9474-1A3956D46DE8}") = "Binance", "Binance", "{71D58E63-D892-4266-A940-C17B5BF4E591}"
EndProject
Project("{FAE04EC0-301F-11D3-BF4B-00C04F79EFBC}") = "Binance.Data", "Services\HttpClient\Binance\Binance.Data\Binance.Data.csproj", "{53B276D2-A32B-4B23-9307-8E12A5BE40B2}"
EndProject
Project("{FAE04EC0-301F-11D3-BF4B-00C04F79EFBC}") = "Binance.Client", "Services\HttpClient\Binance\Binance.Client\Binance.Client.csproj", "{C2A53671-8D24-4B93-9DDC-7C8EACE8C6ED}"
EndProject
Project("{FAE04EC0-301F-11D3-BF4B-00C04F79EFBC}") = "Binance.Tests", "Services\HttpClient\Binance\Binance.Tests\Binance.Tests.csproj", "{D8789D98-ADDB-4958-9484-F197106B418E}"
EndProject
Project("{FAE04EC0-301F-11D3-BF4B-00C04F79EFBC}") = "Hvt.Infrastructure", "Infrastructure\Hvt.Infrastructure\Hvt.Infrastructure.csproj", "{7068EAB4-37D2-4B4A-92DC-626FA9514FE0}"
EndProject
Project("{FAE04EC0-301F-11D3-BF4B-00C04F79EFBC}") = "Hvt.Data", "Core\Hvt.Data\Hvt.Data.csproj", "{0C883B0F-3302-4F28-BDA3-8CDBB3F7D0C0}"
EndProject
Project("{FAE04EC0-301F-11D3-BF4B-00C04F79EFBC}") = "Hvt.Infrastructure.Tests", "Infrastructure\Hvt.Infrastructure.Tests\Hvt.Infrastructure.Tests.csproj", "{DB74591E-D603-4B80-93AB-B1A1743634EB}"
EndProject
Project("{E53339B2-1760-4266-BCC7-CA923CBCF16C}") = "docker-compose", "docker-compose.dcproj", "{C96D3520-0CF2-48FD-AF50-70B8B87DCB29}"
EndProject
Project("{FAE04EC0-301F-11D3-BF4B-00C04F79EFBC}") = "Hvt.Trader", "Presentation\Hvt.Trader\Hvt.Trader.csproj", "{863E488E-9464-414D-9B18-7B913E8159CC}"
EndProject
Global
	GlobalSection(SolutionConfigurationPlatforms) = preSolution
		Debug|Any CPU = Debug|Any CPU
		Release|Any CPU = Release|Any CPU
	EndGlobalSection
	GlobalSection(ProjectConfigurationPlatforms) = postSolution
		{833308CA-815B-46B3-93ED-B7BD5CB2DBD6}.Debug|Any CPU.ActiveCfg = Debug|Any CPU
		{833308CA-815B-46B3-93ED-B7BD5CB2DBD6}.Debug|Any CPU.Build.0 = Debug|Any CPU
		{833308CA-815B-46B3-93ED-B7BD5CB2DBD6}.Release|Any CPU.ActiveCfg = Release|Any CPU
		{833308CA-815B-46B3-93ED-B7BD5CB2DBD6}.Release|Any CPU.Build.0 = Release|Any CPU
		{3C4AB69B-341C-4734-8C78-64CD7C7D6FCC}.Debug|Any CPU.ActiveCfg = Debug|Any CPU
		{3C4AB69B-341C-4734-8C78-64CD7C7D6FCC}.Debug|Any CPU.Build.0 = Debug|Any CPU
		{3C4AB69B-341C-4734-8C78-64CD7C7D6FCC}.Release|Any CPU.ActiveCfg = Release|Any CPU
		{3C4AB69B-341C-4734-8C78-64CD7C7D6FCC}.Release|Any CPU.Build.0 = Release|Any CPU
		{2BDB5829-2685-473C-ABA4-A01169F0CCA0}.Debug|Any CPU.ActiveCfg = Debug|Any CPU
		{2BDB5829-2685-473C-ABA4-A01169F0CCA0}.Debug|Any CPU.Build.0 = Debug|Any CPU
		{2BDB5829-2685-473C-ABA4-A01169F0CCA0}.Release|Any CPU.ActiveCfg = Release|Any CPU
		{2BDB5829-2685-473C-ABA4-A01169F0CCA0}.Release|Any CPU.Build.0 = Release|Any CPU
		{9FD29F09-EA10-469B-BC5B-E9B2095A2461}.Debug|Any CPU.ActiveCfg = Debug|Any CPU
		{9FD29F09-EA10-469B-BC5B-E9B2095A2461}.Debug|Any CPU.Build.0 = Debug|Any CPU
		{9FD29F09-EA10-469B-BC5B-E9B2095A2461}.Release|Any CPU.ActiveCfg = Release|Any CPU
		{9FD29F09-EA10-469B-BC5B-E9B2095A2461}.Release|Any CPU.Build.0 = Release|Any CPU
		{C8B93AA5-125D-41BA-A6EC-F994305EB606}.Debug|Any CPU.ActiveCfg = Debug|Any CPU
		{C8B93AA5-125D-41BA-A6EC-F994305EB606}.Debug|Any CPU.Build.0 = Debug|Any CPU
		{C8B93AA5-125D-41BA-A6EC-F994305EB606}.Release|Any CPU.ActiveCfg = Release|Any CPU
		{C8B93AA5-125D-41BA-A6EC-F994305EB606}.Release|Any CPU.Build.0 = Release|Any CPU
		{53B276D2-A32B-4B23-9307-8E12A5BE40B2}.Debug|Any CPU.ActiveCfg = Debug|Any CPU
		{53B276D2-A32B-4B23-9307-8E12A5BE40B2}.Debug|Any CPU.Build.0 = Debug|Any CPU
		{53B276D2-A32B-4B23-9307-8E12A5BE40B2}.Release|Any CPU.ActiveCfg = Release|Any CPU
		{53B276D2-A32B-4B23-9307-8E12A5BE40B2}.Release|Any CPU.Build.0 = Release|Any CPU
		{C2A53671-8D24-4B93-9DDC-7C8EACE8C6ED}.Debug|Any CPU.ActiveCfg = Debug|Any CPU
		{C2A53671-8D24-4B93-9DDC-7C8EACE8C6ED}.Debug|Any CPU.Build.0 = Debug|Any CPU
		{C2A53671-8D24-4B93-9DDC-7C8EACE8C6ED}.Release|Any CPU.ActiveCfg = Release|Any CPU
		{C2A53671-8D24-4B93-9DDC-7C8EACE8C6ED}.Release|Any CPU.Build.0 = Release|Any CPU
		{D8789D98-ADDB-4958-9484-F197106B418E}.Debug|Any CPU.ActiveCfg = Debug|Any CPU
		{D8789D98-ADDB-4958-9484-F197106B418E}.Debug|Any CPU.Build.0 = Debug|Any CPU
		{D8789D98-ADDB-4958-9484-F197106B418E}.Release|Any CPU.ActiveCfg = Release|Any CPU
		{D8789D98-ADDB-4958-9484-F197106B418E}.Release|Any CPU.Build.0 = Release|Any CPU
		{7068EAB4-37D2-4B4A-92DC-626FA9514FE0}.Debug|Any CPU.ActiveCfg = Debug|Any CPU
		{7068EAB4-37D2-4B4A-92DC-626FA9514FE0}.Debug|Any CPU.Build.0 = Debug|Any CPU
		{7068EAB4-37D2-4B4A-92DC-626FA9514FE0}.Release|Any CPU.ActiveCfg = Release|Any CPU
		{7068EAB4-37D2-4B4A-92DC-626FA9514FE0}.Release|Any CPU.Build.0 = Release|Any CPU
		{0C883B0F-3302-4F28-BDA3-8CDBB3F7D0C0}.Debug|Any CPU.ActiveCfg = Debug|Any CPU
		{0C883B0F-3302-4F28-BDA3-8CDBB3F7D0C0}.Debug|Any CPU.Build.0 = Debug|Any CPU
		{0C883B0F-3302-4F28-BDA3-8CDBB3F7D0C0}.Release|Any CPU.ActiveCfg = Release|Any CPU
		{0C883B0F-3302-4F28-BDA3-8CDBB3F7D0C0}.Release|Any CPU.Build.0 = Release|Any CPU
		{DB74591E-D603-4B80-93AB-B1A1743634EB}.Debug|Any CPU.ActiveCfg = Debug|Any CPU
		{DB74591E-D603-4B80-93AB-B1A1743634EB}.Debug|Any CPU.Build.0 = Debug|Any CPU
		{DB74591E-D603-4B80-93AB-B1A1743634EB}.Release|Any CPU.ActiveCfg = Release|Any CPU
		{DB74591E-D603-4B80-93AB-B1A1743634EB}.Release|Any CPU.Build.0 = Release|Any CPU
		{C96D3520-0CF2-48FD-AF50-70B8B87DCB29}.Debug|Any CPU.ActiveCfg = Debug|Any CPU
		{C96D3520-0CF2-48FD-AF50-70B8B87DCB29}.Debug|Any CPU.Build.0 = Debug|Any CPU
		{C96D3520-0CF2-48FD-AF50-70B8B87DCB29}.Release|Any CPU.ActiveCfg = Release|Any CPU
		{C96D3520-0CF2-48FD-AF50-70B8B87DCB29}.Release|Any CPU.Build.0 = Release|Any CPU
		{863E488E-9464-414D-9B18-7B913E8159CC}.Debug|Any CPU.ActiveCfg = Debug|Any CPU
		{863E488E-9464-414D-9B18-7B913E8159CC}.Debug|Any CPU.Build.0 = Debug|Any CPU
		{863E488E-9464-414D-9B18-7B913E8159CC}.Release|Any CPU.ActiveCfg = Release|Any CPU
		{863E488E-9464-414D-9B18-7B913E8159CC}.Release|Any CPU.Build.0 = Release|Any CPU
	EndGlobalSection
	GlobalSection(SolutionProperties) = preSolution
		HideSolutionNode = FALSE
	EndGlobalSection
	GlobalSection(NestedProjects) = preSolution
		{C110C05D-4B02-4229-8D2C-0A6DB4C321BE} = {FB3B4EF8-EAC0-4698-828C-6D209437A9BE}
		{6344DE8B-C55E-452C-BC44-A0D512D31609} = {0901BAF5-9C3C-4F3F-B198-0B7CD1B57940}
		{833308CA-815B-46B3-93ED-B7BD5CB2DBD6} = {6344DE8B-C55E-452C-BC44-A0D512D31609}
		{FB3B4EF8-EAC0-4698-828C-6D209437A9BE} = {0901BAF5-9C3C-4F3F-B198-0B7CD1B57940}
		{3C4AB69B-341C-4734-8C78-64CD7C7D6FCC} = {C110C05D-4B02-4229-8D2C-0A6DB4C321BE}
		{2BDB5829-2685-473C-ABA4-A01169F0CCA0} = {C110C05D-4B02-4229-8D2C-0A6DB4C321BE}
		{9FD29F09-EA10-469B-BC5B-E9B2095A2461} = {C110C05D-4B02-4229-8D2C-0A6DB4C321BE}
		{11735777-57FF-4E13-8C96-04A276D5E511} = {FB3B4EF8-EAC0-4698-828C-6D209437A9BE}
		{C8B93AA5-125D-41BA-A6EC-F994305EB606} = {11735777-57FF-4E13-8C96-04A276D5E511}
		{71D58E63-D892-4266-A940-C17B5BF4E591} = {FB3B4EF8-EAC0-4698-828C-6D209437A9BE}
		{53B276D2-A32B-4B23-9307-8E12A5BE40B2} = {71D58E63-D892-4266-A940-C17B5BF4E591}
		{C2A53671-8D24-4B93-9DDC-7C8EACE8C6ED} = {71D58E63-D892-4266-A940-C17B5BF4E591}
		{D8789D98-ADDB-4958-9484-F197106B418E} = {71D58E63-D892-4266-A940-C17B5BF4E591}
		{7068EAB4-37D2-4B4A-92DC-626FA9514FE0} = {DA7F5622-8DCD-4FDE-A5CD-C8B703C3F7AA}
		{0C883B0F-3302-4F28-BDA3-8CDBB3F7D0C0} = {A77167A6-FB91-4A1D-A1E2-FCA51975CF52}
		{DB74591E-D603-4B80-93AB-B1A1743634EB} = {DA7F5622-8DCD-4FDE-A5CD-C8B703C3F7AA}
		{863E488E-9464-414D-9B18-7B913E8159CC} = {7FACB8D8-B58B-4F9B-9832-4A4400821D13}
	EndGlobalSection
EndGlobal
